lockVersion: 2.0.0
id: 22a85f5d-a12a-469b-b7e4-183a831f6085
management:
  docChecksum: 65833c6325c0978d6edf42fd3d92736f
  docVersion: 0.0.1
  speakeasyVersion: internal
  generationVersion: 2.249.1
  releaseVersion: 3.0.1
  configChecksum: be2967da43e4acf06745123bbf5dea90
  repoURL: https://github.com/speakeasy-sdks/terraform-provider-netbird.git
  repoSubDirectory: .
  published: true
features:
  terraform:
    core: 3.9.4
    deprecations: 2.81.1
    globalSecurity: 2.81.3
    globalServerURLs: 2.82.1
    methodSecurity: 2.82.1
generatedFiles:
  - internal/sdk/accounts.go
  - internal/sdk/dns.go
  - internal/sdk/events.go
  - internal/sdk/groups.go
  - internal/sdk/peers.go
  - internal/sdk/policies.go
  - internal/sdk/routes.go
  - internal/sdk/rules.go
  - internal/sdk/setupkeys.go
  - internal/sdk/users.go
  - internal/sdk/tokens.go
  - internal/sdk/sdk.go
  - examples/README.md
  - go.mod
  - go.sum
  - internal/planmodifiers/boolplanmodifier/suppress_diff.go
  - internal/planmodifiers/float64planmodifier/suppress_diff.go
  - internal/planmodifiers/int64planmodifier/suppress_diff.go
  - internal/planmodifiers/listplanmodifier/suppress_diff.go
  - internal/planmodifiers/mapplanmodifier/suppress_diff.go
  - internal/planmodifiers/numberplanmodifier/suppress_diff.go
  - internal/planmodifiers/objectplanmodifier/suppress_diff.go
  - internal/planmodifiers/setplanmodifier/suppress_diff.go
  - internal/planmodifiers/stringplanmodifier/suppress_diff.go
  - internal/planmodifiers/utils/state_check.go
  - internal/provider/reflect/diags.go
  - internal/provider/reflect/doc.go
  - internal/provider/reflect/generic_attr_value.go
  - internal/provider/reflect/helpers.go
  - internal/provider/reflect/interfaces.go
  - internal/provider/reflect/into.go
  - internal/provider/reflect/map.go
  - internal/provider/reflect/number.go
  - internal/provider/reflect/options.go
  - internal/provider/reflect/outof.go
  - internal/provider/reflect/pointer.go
  - internal/provider/reflect/primitive.go
  - internal/provider/reflect/slice.go
  - internal/provider/reflect/struct.go
  - internal/provider/utils.go
  - internal/sdk/pkg/models/sdkerrors/sdkerror.go
  - internal/sdk/pkg/types/bigint.go
  - internal/sdk/pkg/types/date.go
  - internal/sdk/pkg/types/datetime.go
  - internal/sdk/pkg/types/decimal.go
  - internal/sdk/pkg/types/pointers.go
  - internal/sdk/pkg/utils/contenttype.go
  - internal/sdk/pkg/utils/form.go
  - internal/sdk/pkg/utils/headers.go
  - internal/sdk/pkg/utils/json.go
  - internal/sdk/pkg/utils/pathparams.go
  - internal/sdk/pkg/utils/queryparams.go
  - internal/sdk/pkg/utils/requestbody.go
  - internal/sdk/pkg/utils/retries.go
  - internal/sdk/pkg/utils/security.go
  - internal/sdk/pkg/utils/utils.go
  - internal/validators/DateValidator.go
  - internal/validators/ExactlyOneChild.go
  - internal/validators/JSONParseValidator.go
  - internal/validators/RFC3339Validator.go
  - internal/validators/boolvalidators/not_null.go
  - internal/validators/float64validators/not_null.go
  - internal/validators/int64validators/not_null.go
  - internal/validators/listvalidators/not_null.go
  - internal/validators/mapvalidators/not_null.go
  - internal/validators/numbervalidators/not_null.go
  - internal/validators/objectvalidators/not_null.go
  - internal/validators/setvalidators/not_null.go
  - internal/validators/stringvalidators/not_null.go
  - main.go
  - terraform-registry-manifest.json
  - tools/tools.go
  - internal/sdk/pkg/models/operations/deleteapiaccountsaccountid.go
  - internal/sdk/pkg/models/operations/getapiaccounts.go
  - internal/sdk/pkg/models/operations/putapiaccountsaccountid.go
  - internal/sdk/pkg/models/operations/deleteapidnsnameserversnsgroupid.go
  - internal/sdk/pkg/models/operations/getapidnsnameservers.go
  - internal/sdk/pkg/models/operations/getapidnsnameserversnsgroupid.go
  - internal/sdk/pkg/models/operations/getapidnssettings.go
  - internal/sdk/pkg/models/operations/postapidnsnameservers.go
  - internal/sdk/pkg/models/operations/putapidnsnameserversnsgroupid.go
  - internal/sdk/pkg/models/operations/putapidnssettings.go
  - internal/sdk/pkg/models/operations/getapievents.go
  - internal/sdk/pkg/models/operations/deleteapigroupsgroupid.go
  - internal/sdk/pkg/models/operations/getapigroups.go
  - internal/sdk/pkg/models/operations/getapigroupsgroupid.go
  - internal/sdk/pkg/models/operations/postapigroups.go
  - internal/sdk/pkg/models/operations/putapigroupsgroupid.go
  - internal/sdk/pkg/models/operations/deleteapipeerspeerid.go
  - internal/sdk/pkg/models/operations/getapipeers.go
  - internal/sdk/pkg/models/operations/getapipeerspeerid.go
  - internal/sdk/pkg/models/operations/putapipeerspeerid.go
  - internal/sdk/pkg/models/operations/deleteapipoliciespolicyid.go
  - internal/sdk/pkg/models/operations/getapipolicies.go
  - internal/sdk/pkg/models/operations/getapipoliciespolicyid.go
  - internal/sdk/pkg/models/operations/postapipolicies.go
  - internal/sdk/pkg/models/operations/putapipoliciespolicyid.go
  - internal/sdk/pkg/models/operations/deleteapiroutesrouteid.go
  - internal/sdk/pkg/models/operations/getapiroutes.go
  - internal/sdk/pkg/models/operations/getapiroutesrouteid.go
  - internal/sdk/pkg/models/operations/postapiroutes.go
  - internal/sdk/pkg/models/operations/putapiroutesrouteid.go
  - internal/sdk/pkg/models/operations/deleteapirulesruleid.go
  - internal/sdk/pkg/models/operations/getapirules.go
  - internal/sdk/pkg/models/operations/getapirulesruleid.go
  - internal/sdk/pkg/models/operations/postapirules.go
  - internal/sdk/pkg/models/operations/putapirulesruleid.go
  - internal/sdk/pkg/models/operations/getapisetupkeys.go
  - internal/sdk/pkg/models/operations/getapisetupkeyskeyid.go
  - internal/sdk/pkg/models/operations/postapisetupkeys.go
  - internal/sdk/pkg/models/operations/putapisetupkeyskeyid.go
  - internal/sdk/pkg/models/operations/deleteapiusersuserid.go
  - internal/sdk/pkg/models/operations/getapiusers.go
  - internal/sdk/pkg/models/operations/postapiusers.go
  - internal/sdk/pkg/models/operations/postapiusersuseridinvite.go
  - internal/sdk/pkg/models/operations/putapiusersuserid.go
  - internal/sdk/pkg/models/operations/deleteapiusersuseridtokenstokenid.go
  - internal/sdk/pkg/models/operations/getapiusersuseridtokens.go
  - internal/sdk/pkg/models/operations/getapiusersuseridtokenstokenid.go
  - internal/sdk/pkg/models/operations/postapiusersuseridtokens.go
  - internal/sdk/pkg/models/shared/account.go
  - internal/sdk/pkg/models/shared/accountsettings.go
  - internal/sdk/pkg/models/shared/accountextrasettings.go
  - internal/sdk/pkg/models/shared/accountrequest.go
  - internal/sdk/pkg/models/shared/nameservergroup.go
  - internal/sdk/pkg/models/shared/nameserver.go
  - internal/sdk/pkg/models/shared/dnssettings.go
  - internal/sdk/pkg/models/shared/nameservergrouprequest.go
  - internal/sdk/pkg/models/shared/event.go
  - internal/sdk/pkg/models/shared/group.go
  - internal/sdk/pkg/models/shared/peerminimum.go
  - internal/sdk/pkg/models/shared/grouprequest.go
  - internal/sdk/pkg/models/shared/peerbatch.go
  - internal/sdk/pkg/models/shared/groupminimum.go
  - internal/sdk/pkg/models/shared/peer.go
  - internal/sdk/pkg/models/shared/accessiblepeer.go
  - internal/sdk/pkg/models/shared/peerrequest.go
  - internal/sdk/pkg/models/shared/policy.go
  - internal/sdk/pkg/models/shared/policyrule.go
  - internal/sdk/pkg/models/shared/policyupdate.go
  - internal/sdk/pkg/models/shared/policyruleupdate.go
  - internal/sdk/pkg/models/shared/route.go
  - internal/sdk/pkg/models/shared/routerequest.go
  - internal/sdk/pkg/models/shared/rule.go
  - internal/sdk/pkg/models/shared/rulerequest.go
  - internal/sdk/pkg/models/shared/setupkey.go
  - internal/sdk/pkg/models/shared/setupkeyrequest.go
  - internal/sdk/pkg/models/shared/user.go
  - internal/sdk/pkg/models/shared/usercreaterequest.go
  - internal/sdk/pkg/models/shared/userrequest.go
  - internal/sdk/pkg/models/shared/personalaccesstoken.go
  - internal/sdk/pkg/models/shared/personalaccesstokengenerated.go
  - internal/sdk/pkg/models/shared/personalaccesstokenrequest.go
  - internal/sdk/pkg/models/shared/security.go
  - USAGE.md
  - internal/provider/provider.go
  - examples/provider/provider.tf
  - .gitattributes
